// !$*UTF8*$!
{
	archiveVersion = 1;
	classes = {
	};
	objectVersion = 48;
	objects = {

/* Begin PBXBuildFile section */
		938B6EA41FA2BDA700BDB375 /* AppDelegate.swift in Sources */ = {isa = PBXBuildFile; fileRef = 938B6EA31FA2BDA700BDB375 /* AppDelegate.swift */; };
		938B6EA61FA2BDA700BDB375 /* ViewController.swift in Sources */ = {isa = PBXBuildFile; fileRef = 938B6EA51FA2BDA700BDB375 /* ViewController.swift */; };
		938B6EA91FA2BDA700BDB375 /* Main.storyboard in Resources */ = {isa = PBXBuildFile; fileRef = 938B6EA71FA2BDA700BDB375 /* Main.storyboard */; };
		938B6EAB1FA2BDA700BDB375 /* Assets.xcassets in Resources */ = {isa = PBXBuildFile; fileRef = 938B6EAA1FA2BDA700BDB375 /* Assets.xcassets */; };
		938B6EAE1FA2BDA700BDB375 /* LaunchScreen.storyboard in Resources */ = {isa = PBXBuildFile; fileRef = 938B6EAC1FA2BDA700BDB375 /* LaunchScreen.storyboard */; };
/* End PBXBuildFile section */

/* Begin PBXFileReference section */
		938B6EA01FA2BDA600BDB375 /* Icon.app */ = {isa = PBXFileReference; explicitFileType = wrapper.application; includeInIndex = 0; path = Icon.app; sourceTree = BUILT_PRODUCTS_DIR; };
		938B6EA31FA2BDA700BDB375 /* AppDelegate.swift */ = {isa = PBXFileReference; lastKnownFileType = sourcecode.swift; path = AppDelegate.swift; sourceTree = "<group>"; };
		938B6EA51FA2BDA700BDB375 /* ViewController.swift */ = {isa = PBXFileReference; lastKnownFileType = sourcecode.swift; path = ViewController.swift; sourceTree = "<group>"; };
		938B6EA81FA2BDA700BDB375 /* Base */ = {isa = PBXFileReference; lastKnownFileType = file.storyboard; name = Base; path = Base.lproj/Main.storyboard; sourceTree = "<group>"; };
		938B6EAA1FA2BDA700BDB375 /* Assets.xcassets */ = {isa = PBXFileReference; lastKnownFileType = folder.assetcatalog; path = Assets.xcassets; sourceTree = "<group>"; };
		938B6EAD1FA2BDA700BDB375 /* Base */ = {isa = PBXFileReference; lastKnownFileType = file.storyboard; name = Base; path = Base.lproj/LaunchScreen.storyboard; sourceTree = "<group>"; };
		938B6EAF1FA2BDA700BDB375 /* Info.plist */ = {isa = PBXFileReference; lastKnownFileType = text.plist.xml; path = Info.plist; sourceTree = "<group>"; };
/* End PBXFileReference section */

/* Begin PBXFrameworksBuildPhase section */
		938B6E9D1FA2BDA600BDB375 /* Frameworks */ = {
			isa = PBXFrameworksBuildPhase;
			buildActionMask = 2147483647;
			files = (
			);
			runOnlyForDeploymentPostprocessing = 0;
		};
/* End PBXFrameworksBuildPhase section */

/* Begin PBXGroup section */
		938B6E971FA2BDA600BDB375 = {
			isa = PBXGroup;
			children = (
				938B6EA21FA2BDA600BDB375 /* Icon */,
				938B6EA11FA2BDA600BDB375 /* Products */,
			);
			sourceTree = "<group>";
		};
		938B6EA11FA2BDA600BDB375 /* Products */ = {
			isa = PBXGroup;
			children = (
				938B6EA01FA2BDA600BDB375 /* Icon.app */,
			);
			name = Products;
			sourceTree = "<group>";
		};
		938B6EA21FA2BDA600BDB375 /* Icon */ = {
			isa = PBXGroup;
			children = (
				938B6EA31FA2BDA700BDB375 /* AppDelegate.swift */,
				938B6EA51FA2BDA700BDB375 /* ViewController.swift */,
				938B6EA71FA2BDA700BDB375 /* Main.storyboard */,
				938B6EAA1FA2BDA700BDB375 /* Assets.xcassets */,
				938B6EAC1FA2BDA700BDB375 /* LaunchScreen.storyboard */,
				938B6EAF1FA2BDA700BDB375 /* Info.plist */,
			);
			path = Icon;
			sourceTree = "<group>";
		};
/* End PBXGroup section */

/* Begin PBXNativeTarget section */
		938B6E9F1FA2BDA600BDB375 /* Icon */ = {
			isa = PBXNativeTarget;
			buildConfigurationList = 938B6EB21FA2BDA700BDB375 /* Build configuration list for PBXNativeTarget "Icon" */;
			buildPhases = (
				938B6E9C1FA2BDA600BDB375 /* Sources */,
				938B6E9D1FA2BDA600BDB375 /* Frameworks */,
				938B6E9E1FA2BDA600BDB375 /* Resources */,
			);
			buildRules = (
			);
			dependencies = (
			);
			name = Icon;
			productName = Icon;
			productReference = 938B6EA01FA2BDA600BDB375 /* Icon.app */;
			productType = "com.apple.product-type.application";
		};
/* End PBXNativeTarget section */

/* Begin PBXProject section */
		938B6E981FA2BDA600BDB375 /* Project object */ = {
			isa = PBXProject;
			attributes = {
				LastSwiftUpdateCheck = 0900;
				LastUpgradeCheck = 0900;
				ORGANIZATIONNAME = "Kyosuke Takahashi";
				TargetAttributes = {
					938B6E9F1FA2BDA600BDB375 = {
						CreatedOnToolsVersion = 9.0.1;
						ProvisioningStyle = Automatic;
					};
				};
			};
			buildConfigurationList = 938B6E9B1FA2BDA600BDB375 /* Build configuration list for PBXProject "Icon" */;
			compatibilityVersion = "Xcode 8.0";
			developmentRegion = en;
			hasScannedForEncodings = 0;
			knownRegions = (
				en,
				Base,
			);
			mainGroup = 938B6E971FA2BDA600BDB375;
			productRefGroup = 938B6EA11FA2BDA600BDB375 /* Products */;
			projectDirPath = "";
			projectRoot = "";
			targets = (
				938B6E9F1FA2BDA600BDB375 /* Icon */,
			);
		};
/* End PBXProject section */

/* Begin PBXResourcesBuildPhase section */
		938B6E9E1FA2BDA600BDB375 /* Resources */ = {
			isa = PBXResourcesBuildPhase;
			buildActionMask = 2147483647;
			files = (
				938B6EAE1FA2BDA700BDB375 /* LaunchScreen.storyboard in Resources */,
				938B6EAB1FA2BDA700BDB375 /* Assets.xcassets in Resources */,
				938B6EA91FA2BDA700BDB375 /* Main.storyboard in Resources */,
			);
			runOnlyForDeploymentPostprocessing = 0;
		};
/* End PBXResourcesBuildPhase section */

/* Begin PBXSourcesBuildPhase section */
		938B6E9C1FA2BDA600BDB375 /* Sources */ = {
			isa = PBXSourcesBuildPhase;
			buildActionMask = 2147483647;
			files = (
				938B6EA61FA2BDA700BDB375 /* ViewController.swift in Sources */,
				938B6EA41FA2BDA700BDB375 /* AppDelegate.swift in Sources */,
			);
			runOnlyForDeploymentPostprocessing = 0;
		};
/* End PBXSourcesBuildPhase section */

/* Begin PBXVariantGroup section */
		938B6EA71FA2BDA700BDB375 /* Main.storyboard */ = {
			isa = PBXVariantGroup;
			children = (
				938B6EA81FA2BDA700BDB375 /* Base */,
			);
			name = Main.storyboard;
			sourceTree = "<group>";
		};
		938B6EAC1FA2BDA700BDB375 /* LaunchScreen.storyboard */ = {
			isa = PBXVariantGroup;
			children = (
				938B6EAD1FA2BDA700BDB375 /* Base */,
			);
			name = LaunchScreen.storyboard;
			sourceTree = "<group>";
		};
/* End PBXVariantGroup section */

/* Begin XCBuildConfiguration section */
		938B6EB01FA2BDA700BDB375 /* Debug */ = {
			isa = XCBuildConfiguration;
			buildSettings = {
				ALWAYS_SEARCH_USER_PATHS = NO;
				CLANG_ANALYZER_NONNULL = YES;
				CLANG_ANALYZER_NUMBER_OBJECT_CONVERSION = YES_AGGRESSIVE;
				CLANG_CXX_LANGUAGE_STANDARD = "gnu++14";
				CLANG_CXX_LIBRARY = "libc++";
				CLANG_ENABLE_MODULES = YES;
				CLANG_ENABLE_OBJC_ARC = YES;
				CLANG_WARN_BLOCK_CAPTURE_AUTORELEASING = YES;
				CLANG_WARN_BOOL_CONVERSION = YES;
				CLANG_WARN_COMMA = YES;
				CLANG_WARN_CONSTANT_CONVERSION = YES;
				CLANG_WARN_DIRECT_OBJC_ISA_USAGE = YES_ERROR;
				CLANG_WARN_DOCUMENTATION_COMMENTS = YES;
				CLANG_WARN_EMPTY_BODY = YES;
				CLANG_WARN_ENUM_CONVERSION = YES;
				CLANG_WARN_INFINITE_RECURSION = YES;
				CLANG_WARN_INT_CONVERSION = YES;
				CLANG_WARN_NON_LITERAL_NULL_CONVERSION = YES;
				CLANG_WARN_OBJC_LITERAL_CONVERSION = YES;
				CLANG_WARN_OBJC_ROOT_CLASS = YES_ERROR;
				CLANG_WARN_RANGE_LOOP_ANALYSIS = YES;
				CLANG_WARN_STRICT_PROTOTYPES = YES;
				CLANG_WARN_SUSPICIOUS_MOVE = YES;
				CLANG_WARN_UNGUARDED_AVAILABILITY = YES_AGGRESSIVE;
				CLANG_WARN_UNREACHABLE_CODE = YES;
				CLANG_WARN__DUPLICATE_METHOD_MATCH = YES;
				CODE_SIGN_IDENTITY = "iPhone Developer";
				COPY_PHASE_STRIP = NO;
				DEBUG_INFORMATION_FORMAT = dwarf;
				ENABLE_STRICT_OBJC_MSGSEND = YES;
				ENABLE_TESTABILITY = YES;
				GCC_C_LANGUAGE_STANDARD = gnu11;
				GCC_DYNAMIC_NO_PIC = NO;
				GCC_NO_COMMON_BLOCKS = YES;
				GCC_OPTIMIZATION_LEVEL = 0;
				GCC_PREPROCESSOR_DEFINITIONS = (
					"DEBUG=1",
					"$(inherited)",
				);
				GCC_WARN_64_TO_32_BIT_CONVERSION = YES;
				GCC_WARN_ABOUT_RETURN_TYPE = YES_ERROR;
				GCC_WARN_UNDECLARED_SELECTOR = YES;
				GCC_WARN_UNINITIALIZED_AUTOS = YES_AGGRESSIVE;
				GCC_WARN_UNUSED_FUNCTION = YES;
				GCC_WARN_UNUSED_VARIABLE = YES;
				IPHONEOS_DEPLOYMENT_TARGET = 11.0;
				MTL_ENABLE_DEBUG_INFO = YES;
				ONLY_ACTIVE_ARCH = YES;
				SDKROOT = iphoneos;
				SWIFT_ACTIVE_COMPILATION_CONDITIONS = DEBUG;
				SWIFT_OPTIMIZATION_LEVEL = "-Onone";
			};
			name = Debug;
		};
		938B6EB11FA2BDA700BDB375 /* Release */ = {
			isa = XCBuildConfiguration;
			buildSettings = {
				ALWAYS_SEARCH_USER_PATHS = NO;
				CLANG_ANALYZER_NONNULL = YES;
				CLANG_ANALYZER_NUMBER_OBJECT_CONVERSION = YES_AGGRESSIVE;
				CLANG_CXX_LANGUAGE_STANDARD = "gnu++14";
				CLANG_CXX_LIBRARY = "libc++";
				CLANG_ENABLE_MODULES = YES;
				CLANG_ENABLE_OBJC_ARC = YES;
				CLANG_WARN_BLOCK_CAPTURE_AUTORELEASING = YES;
				CLANG_WARN_BOOL_CONVERSION = YES;
				CLANG_WARN_COMMA = YES;
				CLANG_WARN_CONSTANT_CONVERSION = YES;
				CLANG_WARN_DIRECT_OBJC_ISA_USAGE = YES_ERROR;
				CLANG_WARN_DOCUMENTATION_COMMENTS = YES;
				CLANG_WARN_EMPTY_BODY = YES;
				CLANG_WARN_ENUM_CONVERSION = YES;
				CLANG_WARN_INFINITE_RECURSION = YES;
				CLANG_WARN_INT_CONVERSION = YES;
				CLANG_WARN_NON_LITERAL_NULL_CONVERSION = YES;
				CLANG_WARN_OBJC_LITERAL_CONVERSION = YES;
				CLANG_WARN_OBJC_ROOT_CLASS = YES_ERROR;
				CLANG_WARN_RANGE_LOOP_ANALYSIS = YES;
				CLANG_WARN_STRICT_PROTOTYPES = YES;
				CLANG_WARN_SUSPICIOUS_MOVE = YES;
				CLANG_WARN_UNGUARDED_AVAILABILITY = YES_AGGRESSIVE;
				CLANG_WARN_UNREACHABLE_CODE = YES;
				CLANG_WARN__DUPLICATE_METHOD_MATCH = YES;
				CODE_SIGN_IDENTITY = "iPhone Developer";
				COPY_PHASE_STRIP = NO;
				DEBUG_INFORMATION_FORMAT = "dwarf-with-dsym";
				ENABLE_NS_ASSERTIONS = NO;
				ENABLE_STRICT_OBJC_MSGSEND = YES;
				GCC_C_LANGUAGE_STANDARD = gnu11;
				GCC_NO_COMMON_BLOCKS = YES;
				GCC_WARN_64_TO_32_BIT_CONVERSION = YES;
				GCC_WARN_ABOUT_RETURN_TYPE = YES_ERROR;
				GCC_WARN_UNDECLARED_SELECTOR = YES;
				GCC_WARN_UNINITIALIZED_AUTOS = YES_AGGRESSIVE;
				GCC_WARN_UNUSED_FUNCTION = YES;
				GCC_WARN_UNUSED_VARIABLE = YES;
				IPHONEOS_DEPLOYMENT_TARGET = 11.0;
				MTL_ENABLE_DEBUG_INFO = NO;
				SDKROOT = iphoneos;
				SWIFT_OPTIMIZATION_LEVEL = "-Owholemodule";
				VALIDATE_PRODUCT = YES;
			};
			name = Release;
		};
		938B6EB31FA2BDA700BDB375 /* Debug */ = {
			isa = XCBuildConfiguration;
			buildSettings = {
				ASSETCATALOG_COMPILER_APPICON_NAME = AppIcon;
				CODE_SIGN_STYLE = Automatic;
				DEVELOPMENT_TEAM = XA49J73DFW;
				INFOPLIST_FILE = Icon/Info.plist;
				LD_RUNPATH_SEARCH_PATHS = "$(inherited) @executable_path/Frameworks";
				PRODUCT_BUNDLE_IDENTIFIER = com.example.someone.Icon;
				PRODUCT_NAME = "$(TARGET_NAME)";
				SWIFT_VERSION = 4.0;
				TARGETED_DEVICE_FAMILY = "1,2";
			};
			name = Debug;
		};
		938B6EB41FA2BDA700BDB375 /* Release */ = {
			isa = XCBuildConfiguration;
			buildSettings = {
				ASSETCATALOG_COMPILER_APPICON_NAME = AppIcon;
				CODE_SIGN_STYLE = Automatic;
				DEVELOPMENT_TEAM = XA49J73DFW;
				INFOPLIST_FILE = Icon/Info.plist;
				LD_RUNPATH_SEARCH_PATHS = "$(inherited) @executable_path/Frameworks";
				PRODUCT_BUNDLE_IDENTIFIER = com.example.someone.Icon;
				PRODUCT_NAME = "$(TARGET_NAME)";
				SWIFT_VERSION = 4.0;
				TARGETED_DEVICE_FAMILY = "1,2";
			};
			name = Release;
		};
/* End XCBuildConfiguration section */

/* Begin XCConfigurationList section */
		938B6E9B1FA2BDA600BDB375 /* Build configuration list for PBXProject "Icon" */ = {
			isa = XCConfigurationList;
			buildConfigurations = (
				938B6EB01FA2BDA700BDB375 /* Debug */,
				938B6EB11FA2BDA700BDB375 /* Release */,
			);
			defaultConfigurationIsVisible = 0;
			defaultConfigurationName = Release;
		};
		938B6EB21FA2BDA700BDB375 /* Build configuration list for PBXNativeTarget "Icon" */ = {
			isa = XCConfigurationList;
			buildConfigurations = (
				938B6EB31FA2BDA700BDB375 /* Debug */,
				938B6EB41FA2BDA700BDB375 /* Release */,
			);
			defaultConfigurationIsVisible = 0;
			defaultConfigurationName = Release;
		};
/* End XCConfigurationList section */
	};
	rootObject = 938B6E981FA2BDA600BDB375 /* Project object */;
}
